
Microsoft Visual Studio Solution File, Format Version 12.00
# Visual Studio Version 17
VisualStudioVersion = 17.5.33516.290
MinimumVisualStudioVersion = 10.0.40219.1
Project("{FAE04EC0-301F-11D3-BF4B-00C04F79EFBC}") = "TareasMVC", "TareasMVC\TareasMVC.csproj", "{AF76EDBA-0CB2-4697-91F2-6D0C7A073F0B}"
EndProject
Global
	GlobalSection(SolutionConfigurationPlatforms) = preSolution
		Debug|Any CPU = Debug|Any CPU
		Release|Any CPU = Release|Any CPU
	EndGlobalSection
	GlobalSection(ProjectConfigurationPlatforms) = postSolution
		{AF76EDBA-0CB2-4697-91F2-6D0C7A073F0B}.Debug|Any CPU.ActiveCfg = Debug|Any CPU
		{AF76EDBA-0CB2-4697-91F2-6D0C7A073F0B}.Debug|Any CPU.Build.0 = Debug|Any CPU
		{AF76EDBA-0CB2-4697-91F2-6D0C7A073F0B}.Release|Any CPU.ActiveCfg = Release|Any CPU
		{AF76EDBA-0CB2-4697-91F2-6D0C7A073F0B}.Release|Any CPU.Build.0 = Release|Any CPU
	EndGlobalSection
	GlobalSection(SolutionProperties) = preSolution
		HideSolutionNode = FALSE
	EndGlobalSection
	GlobalSection(ExtensibilityGlobals) = postSolution
		SolutionGuid = {6B7B251B-313A-4A49-B9FB-D20F7A691D1D}
	EndGlobalSection
EndGlobal
